
Microsoft Visual Studio Solution File, Format Version 12.00
# Visual Studio Version 17
VisualStudioVersion = 17.8.34330.188
MinimumVisualStudioVersion = 10.0.40219.1
Project("{8BC9CEB8-8B4A-11D0-8D11-00A0C91BC942}") = "game", "game\game\game.vcxproj", "{2E19552E-AC28-4BA4-B39D-2DE3D4DB4977}"
EndProject
Project("{8BC9CEB8-8B4A-11D0-8D11-00A0C91BC942}") = "server", "Server\server\server.vcxproj", "{214CDD3F-E659-4705-846D-AE69422CEAB3}"
EndProject
Project("{8BC9CEB8-8B4A-11D0-8D11-00A0C91BC942}") = "shared", "shared\shared.vcxproj", "{13BD3198-FFC5-49BC-9114-AE93A6C11D8D}"
EndProject
Project("{2150E333-8FDC-42A3-9474-1A3956D46DE8}") = "deps", "deps", "{02EA681E-C7D8-13C7-8484-4AC65E1B71E8}"
EndProject
Project("{2150E333-8FDC-42A3-9474-1A3956D46DE8}") = "dks", "dks", "{811FF109-95A6-4196-B6ED-B030C345BDD7}"
EndProject
Project("{2150E333-8FDC-42A3-9474-1A3956D46DE8}") = "Include", "Include", "{881735E4-CB1F-49D0-9AF9-FFB8C60129A1}"
	ProjectSection(SolutionItems) = preProject
		deps\dks\Include\audiodefs.h = deps\dks\Include\audiodefs.h
		deps\dks\Include\comdecl.h = deps\dks\Include\comdecl.h
		deps\dks\Include\D2D1.h = deps\dks\Include\D2D1.h
		deps\dks\Include\D2D1Helper.h = deps\dks\Include\D2D1Helper.h
		deps\dks\Include\D2DBaseTypes.h = deps\dks\Include\D2DBaseTypes.h
		deps\dks\Include\D2Derr.h = deps\dks\Include\D2Derr.h
		deps\dks\Include\D3D10.h = deps\dks\Include\D3D10.h
		deps\dks\Include\D3D10effect.h = deps\dks\Include\D3D10effect.h
		deps\dks\Include\d3d10misc.h = deps\dks\Include\d3d10misc.h
		deps\dks\Include\d3d10sdklayers.h = deps\dks\Include\d3d10sdklayers.h
		deps\dks\Include\D3D10shader.h = deps\dks\Include\D3D10shader.h
		deps\dks\Include\D3D10_1.h = deps\dks\Include\D3D10_1.h
		deps\dks\Include\D3D10_1shader.h = deps\dks\Include\D3D10_1shader.h
		deps\dks\Include\D3D11.h = deps\dks\Include\D3D11.h
		deps\dks\Include\D3D11SDKLayers.h = deps\dks\Include\D3D11SDKLayers.h
		deps\dks\Include\D3D11Shader.h = deps\dks\Include\D3D11Shader.h
		deps\dks\Include\d3d9.h = deps\dks\Include\d3d9.h
		deps\dks\Include\d3d9caps.h = deps\dks\Include\d3d9caps.h
		deps\dks\Include\d3d9types.h = deps\dks\Include\d3d9types.h
		deps\dks\Include\D3Dcommon.h = deps\dks\Include\D3Dcommon.h
		deps\dks\Include\D3Dcompiler.h = deps\dks\Include\D3Dcompiler.h
		deps\dks\Include\D3DCSX.h = deps\dks\Include\D3DCSX.h
		deps\dks\Include\D3DX10.h = deps\dks\Include\D3DX10.h
		deps\dks\Include\d3dx10async.h = deps\dks\Include\d3dx10async.h
		deps\dks\Include\D3DX10core.h = deps\dks\Include\D3DX10core.h
		deps\dks\Include\D3DX10math.h = deps\dks\Include\D3DX10math.h
		deps\dks\Include\D3DX10math.inl = deps\dks\Include\D3DX10math.inl
		deps\dks\Include\D3DX10mesh.h = deps\dks\Include\D3DX10mesh.h
		deps\dks\Include\D3DX10tex.h = deps\dks\Include\D3DX10tex.h
		deps\dks\Include\D3DX11.h = deps\dks\Include\D3DX11.h
		deps\dks\Include\D3DX11async.h = deps\dks\Include\D3DX11async.h
		deps\dks\Include\D3DX11core.h = deps\dks\Include\D3DX11core.h
		deps\dks\Include\D3DX11tex.h = deps\dks\Include\D3DX11tex.h
		deps\dks\Include\d3dx9.h = deps\dks\Include\d3dx9.h
		deps\dks\Include\d3dx9anim.h = deps\dks\Include\d3dx9anim.h
		deps\dks\Include\d3dx9core.h = deps\dks\Include\d3dx9core.h
		deps\dks\Include\d3dx9effect.h = deps\dks\Include\d3dx9effect.h
		deps\dks\Include\d3dx9math.h = deps\dks\Include\d3dx9math.h
		deps\dks\Include\d3dx9math.inl = deps\dks\Include\d3dx9math.inl
		deps\dks\Include\d3dx9mesh.h = deps\dks\Include\d3dx9mesh.h
		deps\dks\Include\d3dx9shader.h = deps\dks\Include\d3dx9shader.h
		deps\dks\Include\d3dx9shape.h = deps\dks\Include\d3dx9shape.h
		deps\dks\Include\d3dx9tex.h = deps\dks\Include\d3dx9tex.h
		deps\dks\Include\d3dx9xof.h = deps\dks\Include\d3dx9xof.h
		deps\dks\Include\D3DX_DXGIFormatConvert.inl = deps\dks\Include\D3DX_DXGIFormatConvert.inl
		deps\dks\Include\Dcommon.h = deps\dks\Include\Dcommon.h
		deps\dks\Include\dinput.h = deps\dks\Include\dinput.h
		deps\dks\Include\dinputd.h = deps\dks\Include\dinputd.h
		deps\dks\Include\dsconf.h = deps\dks\Include\dsconf.h
		deps\dks\Include\dsetup.h = deps\dks\Include\dsetup.h
		deps\dks\Include\dsound.h = deps\dks\Include\dsound.h
		deps\dks\Include\DWrite.h = deps\dks\Include\DWrite.h
		deps\dks\Include\dxdiag.h = deps\dks\Include\dxdiag.h
		deps\dks\Include\DxErr.h = deps\dks\Include\DxErr.h
		deps\dks\Include\dxfile.h = deps\dks\Include\dxfile.h
		deps\dks\Include\DXGI.h = deps\dks\Include\DXGI.h
		deps\dks\Include\DXGIFormat.h = deps\dks\Include\DXGIFormat.h
		deps\dks\Include\DXGIType.h = deps\dks\Include\DXGIType.h
		deps\dks\Include\dxsdkver.h = deps\dks\Include\dxsdkver.h
		deps\dks\Include\gameux.h = deps\dks\Include\gameux.h
		deps\dks\Include\PIXPlugin.h = deps\dks\Include\PIXPlugin.h
		deps\dks\Include\rmxfguid.h = deps\dks\Include\rmxfguid.h
		deps\dks\Include\rmxftmpl.h = deps\dks\Include\rmxftmpl.h
		deps\dks\Include\rpcsal.h = deps\dks\Include\rpcsal.h
		deps\dks\Include\X3DAudio.h = deps\dks\Include\X3DAudio.h
		deps\dks\Include\xact3.h = deps\dks\Include\xact3.h
		deps\dks\Include\xact3d3.h = deps\dks\Include\xact3d3.h
		deps\dks\Include\xact3wb.h = deps\dks\Include\xact3wb.h
		deps\dks\Include\XAPO.h = deps\dks\Include\XAPO.h
		deps\dks\Include\XAPOBase.h = deps\dks\Include\XAPOBase.h
		deps\dks\Include\XAPOFX.h = deps\dks\Include\XAPOFX.h
		deps\dks\Include\XAudio2.h = deps\dks\Include\XAudio2.h
		deps\dks\Include\XAudio2fx.h = deps\dks\Include\XAudio2fx.h
		deps\dks\Include\XDSP.h = deps\dks\Include\XDSP.h
		deps\dks\Include\XInput.h = deps\dks\Include\XInput.h
		deps\dks\Include\xma2defs.h = deps\dks\Include\xma2defs.h
		deps\dks\Include\xnamath.h = deps\dks\Include\xnamath.h
		deps\dks\Include\xnamathconvert.inl = deps\dks\Include\xnamathconvert.inl
		deps\dks\Include\xnamathmatrix.inl = deps\dks\Include\xnamathmatrix.inl
		deps\dks\Include\xnamathmisc.inl = deps\dks\Include\xnamathmisc.inl
		deps\dks\Include\xnamathvector.inl = deps\dks\Include\xnamathvector.inl
	EndProjectSection
EndProject
Project("{2150E333-8FDC-42A3-9474-1A3956D46DE8}") = "Lib", "Lib", "{B7EA8A39-E0A4-4A72-A666-429E99E93BD0}"
EndProject
Project("{2150E333-8FDC-42A3-9474-1A3956D46DE8}") = "x86", "x86", "{4D7253BD-7BC4-4A70-9818-0D3B3FE65ADF}"
	ProjectSection(SolutionItems) = preProject
		deps\dks\Lib\x86\d2d1.lib = deps\dks\Lib\x86\d2d1.lib
		deps\dks\Lib\x86\d3d10.lib = deps\dks\Lib\x86\d3d10.lib
		deps\dks\Lib\x86\d3d10_1.lib = deps\dks\Lib\x86\d3d10_1.lib
		deps\dks\Lib\x86\d3d11.lib = deps\dks\Lib\x86\d3d11.lib
		deps\dks\Lib\x86\d3d9.lib = deps\dks\Lib\x86\d3d9.lib
		deps\dks\Lib\x86\d3dcompiler.lib = deps\dks\Lib\x86\d3dcompiler.lib
		deps\dks\Lib\x86\D3DCSX.lib = deps\dks\Lib\x86\D3DCSX.lib
		deps\dks\Lib\x86\D3DCSXd.lib = deps\dks\Lib\x86\D3DCSXd.lib
		deps\dks\Lib\x86\d3dx10.lib = deps\dks\Lib\x86\d3dx10.lib
		deps\dks\Lib\x86\d3dx10d.lib = deps\dks\Lib\x86\d3dx10d.lib
		deps\dks\Lib\x86\d3dx11.lib = deps\dks\Lib\x86\d3dx11.lib
		deps\dks\Lib\x86\d3dx11d.lib = deps\dks\Lib\x86\d3dx11d.lib
		deps\dks\Lib\x86\d3dx9.lib = deps\dks\Lib\x86\d3dx9.lib
		deps\dks\Lib\x86\d3dx9d.lib = deps\dks\Lib\x86\d3dx9d.lib
		deps\dks\Lib\x86\d3dxof.lib = deps\dks\Lib\x86\d3dxof.lib
		deps\dks\Lib\x86\dinput8.lib = deps\dks\Lib\x86\dinput8.lib
		deps\dks\Lib\x86\dsetup.lib = deps\dks\Lib\x86\dsetup.lib
		deps\dks\Lib\x86\dsound.lib = deps\dks\Lib\x86\dsound.lib
		deps\dks\Lib\x86\dwrite.lib = deps\dks\Lib\x86\dwrite.lib
		deps\dks\Lib\x86\DxErr.lib = deps\dks\Lib\x86\DxErr.lib
		deps\dks\Lib\x86\dxgi.lib = deps\dks\Lib\x86\dxgi.lib
		deps\dks\Lib\x86\dxguid.lib = deps\dks\Lib\x86\dxguid.lib
		deps\dks\Lib\x86\X3DAudio.lib = deps\dks\Lib\x86\X3DAudio.lib
		deps\dks\Lib\x86\xapobase.lib = deps\dks\Lib\x86\xapobase.lib
		deps\dks\Lib\x86\xapobased.lib = deps\dks\Lib\x86\xapobased.lib
		deps\dks\Lib\x86\XAPOFX.lib = deps\dks\Lib\x86\XAPOFX.lib
		deps\dks\Lib\x86\XInput.lib = deps\dks\Lib\x86\XInput.lib
	EndProjectSection
EndProject
Project("{2150E333-8FDC-42A3-9474-1A3956D46DE8}") = "x64", "x64", "{7D764C29-CF2D-4F6B-A145-990FE76DF847}"
	ProjectSection(SolutionItems) = preProject
		deps\dks\Lib\x64\d2d1.lib = deps\dks\Lib\x64\d2d1.lib
		deps\dks\Lib\x64\d3d10.lib = deps\dks\Lib\x64\d3d10.lib
		deps\dks\Lib\x64\d3d10_1.lib = deps\dks\Lib\x64\d3d10_1.lib
		deps\dks\Lib\x64\d3d11.lib = deps\dks\Lib\x64\d3d11.lib
		deps\dks\Lib\x64\d3d9.lib = deps\dks\Lib\x64\d3d9.lib
		deps\dks\Lib\x64\d3dcompiler.lib = deps\dks\Lib\x64\d3dcompiler.lib
		deps\dks\Lib\x64\D3DCSX.lib = deps\dks\Lib\x64\D3DCSX.lib
		deps\dks\Lib\x64\D3DCSXd.lib = deps\dks\Lib\x64\D3DCSXd.lib
		deps\dks\Lib\x64\d3dx10.lib = deps\dks\Lib\x64\d3dx10.lib
		deps\dks\Lib\x64\d3dx10d.lib = deps\dks\Lib\x64\d3dx10d.lib
		deps\dks\Lib\x64\d3dx11.lib = deps\dks\Lib\x64\d3dx11.lib
		deps\dks\Lib\x64\d3dx11d.lib = deps\dks\Lib\x64\d3dx11d.lib
		deps\dks\Lib\x64\d3dx9.lib = deps\dks\Lib\x64\d3dx9.lib
		deps\dks\Lib\x64\d3dx9d.lib = deps\dks\Lib\x64\d3dx9d.lib
		deps\dks\Lib\x64\d3dxof.lib = deps\dks\Lib\x64\d3dxof.lib
		deps\dks\Lib\x64\dinput8.lib = deps\dks\Lib\x64\dinput8.lib
		deps\dks\Lib\x64\dsound.lib = deps\dks\Lib\x64\dsound.lib
		deps\dks\Lib\x64\dwrite.lib = deps\dks\Lib\x64\dwrite.lib
		deps\dks\Lib\x64\DxErr.lib = deps\dks\Lib\x64\DxErr.lib
		deps\dks\Lib\x64\dxgi.lib = deps\dks\Lib\x64\dxgi.lib
		deps\dks\Lib\x64\dxguid.lib = deps\dks\Lib\x64\dxguid.lib
		deps\dks\Lib\x64\X3DAudio.lib = deps\dks\Lib\x64\X3DAudio.lib
		deps\dks\Lib\x64\xapobase.lib = deps\dks\Lib\x64\xapobase.lib
		deps\dks\Lib\x64\xapobased.lib = deps\dks\Lib\x64\xapobased.lib
		deps\dks\Lib\x64\XAPOFX.lib = deps\dks\Lib\x64\XAPOFX.lib
		deps\dks\Lib\x64\XInput.lib = deps\dks\Lib\x64\XInput.lib
	EndProjectSection
EndProject
Global
	GlobalSection(SolutionConfigurationPlatforms) = preSolution
		Debug|x64 = Debug|x64
		Debug|x86 = Debug|x86
		GameServer|x64 = GameServer|x64
		GameServer|x86 = GameServer|x86
		Release|x64 = Release|x64
		Release|x86 = Release|x86
	EndGlobalSection
	GlobalSection(ProjectConfigurationPlatforms) = postSolution
		{2E19552E-AC28-4BA4-B39D-2DE3D4DB4977}.Debug|x64.ActiveCfg = Debug|Win32
		{2E19552E-AC28-4BA4-B39D-2DE3D4DB4977}.Debug|x64.Build.0 = Debug|Win32
		{2E19552E-AC28-4BA4-B39D-2DE3D4DB4977}.Debug|x86.ActiveCfg = Debug|Win32
		{2E19552E-AC28-4BA4-B39D-2DE3D4DB4977}.Debug|x86.Build.0 = Debug|Win32
		{2E19552E-AC28-4BA4-B39D-2DE3D4DB4977}.GameServer|x64.ActiveCfg = Release|Win32
		{2E19552E-AC28-4BA4-B39D-2DE3D4DB4977}.GameServer|x64.Build.0 = Release|Win32
		{2E19552E-AC28-4BA4-B39D-2DE3D4DB4977}.GameServer|x86.ActiveCfg = Release|Win32
		{2E19552E-AC28-4BA4-B39D-2DE3D4DB4977}.Release|x64.ActiveCfg = Release|Win32
		{2E19552E-AC28-4BA4-B39D-2DE3D4DB4977}.Release|x64.Build.0 = Release|Win32
		{2E19552E-AC28-4BA4-B39D-2DE3D4DB4977}.Release|x86.ActiveCfg = Release|Win32
		{2E19552E-AC28-4BA4-B39D-2DE3D4DB4977}.Release|x86.Build.0 = Release|Win32
		{214CDD3F-E659-4705-846D-AE69422CEAB3}.Debug|x64.ActiveCfg = Debug|Win32
		{214CDD3F-E659-4705-846D-AE69422CEAB3}.Debug|x64.Build.0 = Debug|Win32
		{214CDD3F-E659-4705-846D-AE69422CEAB3}.Debug|x86.ActiveCfg = Debug|Win32
		{214CDD3F-E659-4705-846D-AE69422CEAB3}.Debug|x86.Build.0 = Debug|Win32
		{214CDD3F-E659-4705-846D-AE69422CEAB3}.GameServer|x64.ActiveCfg = GameServer|Win32
		{214CDD3F-E659-4705-846D-AE69422CEAB3}.GameServer|x64.Build.0 = GameServer|Win32
		{214CDD3F-E659-4705-846D-AE69422CEAB3}.GameServer|x86.ActiveCfg = GameServer|Win32
		{214CDD3F-E659-4705-846D-AE69422CEAB3}.GameServer|x86.Build.0 = GameServer|Win32
		{214CDD3F-E659-4705-846D-AE69422CEAB3}.Release|x64.ActiveCfg = Release|Win32
		{214CDD3F-E659-4705-846D-AE69422CEAB3}.Release|x64.Build.0 = Release|Win32
		{214CDD3F-E659-4705-846D-AE69422CEAB3}.Release|x86.ActiveCfg = GameServer|Win32
		{13BD3198-FFC5-49BC-9114-AE93A6C11D8D}.Debug|x64.ActiveCfg = Debug|x64
		{13BD3198-FFC5-49BC-9114-AE93A6C11D8D}.Debug|x64.Build.0 = Debug|x64
		{13BD3198-FFC5-49BC-9114-AE93A6C11D8D}.Debug|x86.ActiveCfg = Debug|Win32
		{13BD3198-FFC5-49BC-9114-AE93A6C11D8D}.Debug|x86.Build.0 = Debug|Win32
		{13BD3198-FFC5-49BC-9114-AE93A6C11D8D}.GameServer|x64.ActiveCfg = Debug|x64
		{13BD3198-FFC5-49BC-9114-AE93A6C11D8D}.GameServer|x64.Build.0 = Debug|x64
		{13BD3198-FFC5-49BC-9114-AE93A6C11D8D}.GameServer|x86.ActiveCfg = Release|Win32
		{13BD3198-FFC5-49BC-9114-AE93A6C11D8D}.Release|x64.ActiveCfg = Release|x64
		{13BD3198-FFC5-49BC-9114-AE93A6C11D8D}.Release|x64.Build.0 = Release|x64
		{13BD3198-FFC5-49BC-9114-AE93A6C11D8D}.Release|x86.ActiveCfg = Release|Win32
	EndGlobalSection
	GlobalSection(SolutionProperties) = preSolution
		HideSolutionNode = FALSE
	EndGlobalSection
	GlobalSection(NestedProjects) = preSolution
		{811FF109-95A6-4196-B6ED-B030C345BDD7} = {02EA681E-C7D8-13C7-8484-4AC65E1B71E8}
		{881735E4-CB1F-49D0-9AF9-FFB8C60129A1} = {811FF109-95A6-4196-B6ED-B030C345BDD7}
		{B7EA8A39-E0A4-4A72-A666-429E99E93BD0} = {811FF109-95A6-4196-B6ED-B030C345BDD7}
		{4D7253BD-7BC4-4A70-9818-0D3B3FE65ADF} = {B7EA8A39-E0A4-4A72-A666-429E99E93BD0}
		{7D764C29-CF2D-4F6B-A145-990FE76DF847} = {B7EA8A39-E0A4-4A72-A666-429E99E93BD0}
	EndGlobalSection
	GlobalSection(ExtensibilityGlobals) = postSolution
		SolutionGuid = {AAFD2FB4-00D9-45AA-8D0D-D6ACCD52F8DD}
	EndGlobalSection
EndGlobal
